
Microsoft Visual Studio Solution File, Format Version 12.00
# Visual Studio Version 17
VisualStudioVersion = 17.9.34616.47
MinimumVisualStudioVersion = 10.0.40219.1
Project("{9A19103F-16F7-4668-BE54-9A1E7A4F7556}") = "RefactoringToDesignPatterns", "RefactoringToDesignPatterns.csproj", "{F09422B1-3F8A-4077-A29F-373FCF71CE3C}"
EndProject
Project("{FAE04EC0-301F-11D3-BF4B-00C04F79EFBC}") = "SantaClausFactoryLive", "..\SantaClausFactoryLive\SantaClausFactoryLive.csproj", "{022873F3-A4F9-40B7-9D7B-8C3DB6CA657C}"
EndProject
Global
	GlobalSection(SolutionConfigurationPlatforms) = preSolution
		Debug|Any CPU = Debug|Any CPU
		Release|Any CPU = Release|Any CPU
	EndGlobalSection
	GlobalSection(ProjectConfigurationPlatforms) = postSolution
		{F09422B1-3F8A-4077-A29F-373FCF71CE3C}.Debug|Any CPU.ActiveCfg = Debug|Any CPU
		{F09422B1-3F8A-4077-A29F-373FCF71CE3C}.Debug|Any CPU.Build.0 = Debug|Any CPU
		{F09422B1-3F8A-4077-A29F-373FCF71CE3C}.Release|Any CPU.ActiveCfg = Release|Any CPU
		{F09422B1-3F8A-4077-A29F-373FCF71CE3C}.Release|Any CPU.Build.0 = Release|Any CPU
		{022873F3-A4F9-40B7-9D7B-8C3DB6CA657C}.Debug|Any CPU.ActiveCfg = Debug|Any CPU
		{022873F3-A4F9-40B7-9D7B-8C3DB6CA657C}.Debug|Any CPU.Build.0 = Debug|Any CPU
		{022873F3-A4F9-40B7-9D7B-8C3DB6CA657C}.Release|Any CPU.ActiveCfg = Release|Any CPU
		{022873F3-A4F9-40B7-9D7B-8C3DB6CA657C}.Release|Any CPU.Build.0 = Release|Any CPU
	EndGlobalSection
	GlobalSection(SolutionProperties) = preSolution
		HideSolutionNode = FALSE
	EndGlobalSection
	GlobalSection(ExtensibilityGlobals) = postSolution
		SolutionGuid = {00C6E431-DA0B-48FE-8642-FEB1EC0D15C4}
	EndGlobalSection
EndGlobal
